
Microsoft Visual Studio Solution File, Format Version 12.00
# Visual Studio Version 16
VisualStudioVersion = 16.0.28531.58
MinimumVisualStudioVersion = 15.0.26124.0
Project("{9A19103F-16F7-4668-BE54-9A1E7A4F7556}") = "web", "web\web.csproj", "{435BF757-A030-43C8-9598-1FF7A6687E4F}"
EndProject
Project("{2150E333-8FDC-42A3-9474-1A3956D46DE8}") = "lib", "lib", "{1440FEE9-C530-4FF0-BE29-D44E0BAF828E}"
EndProject
Project("{2150E333-8FDC-42A3-9474-1A3956D46DE8}") = "raspberryio-master", "raspberryio-master", "{667D3DA8-C8F7-4407-BEF9-BAE028F15778}"
EndProject
Project("{9A19103F-16F7-4668-BE54-9A1E7A4F7556}") = "Unosquare.RaspberryIO", "..\lib\raspberryio-master\src\Unosquare.RaspberryIO\Unosquare.RaspberryIO.csproj", "{47C58B47-0E20-48A0-9868-603D86C8921E}"
EndProject
Project("{9A19103F-16F7-4668-BE54-9A1E7A4F7556}") = "Unosquare.RaspberryIO.Abstractions", "..\lib\raspberryio-master\src\Unosquare.RaspberryIO.Abstractions\Unosquare.RaspberryIO.Abstractions.csproj", "{495F1C38-9AFB-443F-8D3B-20C96C0BD7EE}"
EndProject
Project("{9A19103F-16F7-4668-BE54-9A1E7A4F7556}") = "Unosquare.RaspberryIO.Peripherals", "..\lib\raspberryio-master\src\Unosquare.RaspberryIO.Peripherals\Unosquare.RaspberryIO.Peripherals.csproj", "{8B1E8B1C-0CC5-4D74-9B0C-B38D493CC790}"
EndProject
Global
	GlobalSection(SolutionConfigurationPlatforms) = preSolution
		Debug|Any CPU = Debug|Any CPU
		Debug|x64 = Debug|x64
		Debug|x86 = Debug|x86
		Release|Any CPU = Release|Any CPU
		Release|x64 = Release|x64
		Release|x86 = Release|x86
	EndGlobalSection
	GlobalSection(ProjectConfigurationPlatforms) = postSolution
		{435BF757-A030-43C8-9598-1FF7A6687E4F}.Debug|Any CPU.ActiveCfg = Debug|Any CPU
		{435BF757-A030-43C8-9598-1FF7A6687E4F}.Debug|Any CPU.Build.0 = Debug|Any CPU
		{435BF757-A030-43C8-9598-1FF7A6687E4F}.Debug|x64.ActiveCfg = Debug|Any CPU
		{435BF757-A030-43C8-9598-1FF7A6687E4F}.Debug|x64.Build.0 = Debug|Any CPU
		{435BF757-A030-43C8-9598-1FF7A6687E4F}.Debug|x86.ActiveCfg = Debug|Any CPU
		{435BF757-A030-43C8-9598-1FF7A6687E4F}.Debug|x86.Build.0 = Debug|Any CPU
		{435BF757-A030-43C8-9598-1FF7A6687E4F}.Release|Any CPU.ActiveCfg = Release|Any CPU
		{435BF757-A030-43C8-9598-1FF7A6687E4F}.Release|Any CPU.Build.0 = Release|Any CPU
		{435BF757-A030-43C8-9598-1FF7A6687E4F}.Release|x64.ActiveCfg = Release|Any CPU
		{435BF757-A030-43C8-9598-1FF7A6687E4F}.Release|x64.Build.0 = Release|Any CPU
		{435BF757-A030-43C8-9598-1FF7A6687E4F}.Release|x86.ActiveCfg = Release|Any CPU
		{435BF757-A030-43C8-9598-1FF7A6687E4F}.Release|x86.Build.0 = Release|Any CPU
		{47C58B47-0E20-48A0-9868-603D86C8921E}.Debug|Any CPU.ActiveCfg = Debug|Any CPU
		{47C58B47-0E20-48A0-9868-603D86C8921E}.Debug|Any CPU.Build.0 = Debug|Any CPU
		{47C58B47-0E20-48A0-9868-603D86C8921E}.Debug|x64.ActiveCfg = Debug|Any CPU
		{47C58B47-0E20-48A0-9868-603D86C8921E}.Debug|x64.Build.0 = Debug|Any CPU
		{47C58B47-0E20-48A0-9868-603D86C8921E}.Debug|x86.ActiveCfg = Debug|Any CPU
		{47C58B47-0E20-48A0-9868-603D86C8921E}.Debug|x86.Build.0 = Debug|Any CPU
		{47C58B47-0E20-48A0-9868-603D86C8921E}.Release|Any CPU.ActiveCfg = Release|Any CPU
		{47C58B47-0E20-48A0-9868-603D86C8921E}.Release|Any CPU.Build.0 = Release|Any CPU
		{47C58B47-0E20-48A0-9868-603D86C8921E}.Release|x64.ActiveCfg = Release|Any CPU
		{47C58B47-0E20-48A0-9868-603D86C8921E}.Release|x64.Build.0 = Release|Any CPU
		{47C58B47-0E20-48A0-9868-603D86C8921E}.Release|x86.ActiveCfg = Release|Any CPU
		{47C58B47-0E20-48A0-9868-603D86C8921E}.Release|x86.Build.0 = Release|Any CPU
		{495F1C38-9AFB-443F-8D3B-20C96C0BD7EE}.Debug|Any CPU.ActiveCfg = Debug|Any CPU
		{495F1C38-9AFB-443F-8D3B-20C96C0BD7EE}.Debug|Any CPU.Build.0 = Debug|Any CPU
		{495F1C38-9AFB-443F-8D3B-20C96C0BD7EE}.Debug|x64.ActiveCfg = Debug|Any CPU
		{495F1C38-9AFB-443F-8D3B-20C96C0BD7EE}.Debug|x64.Build.0 = Debug|Any CPU
		{495F1C38-9AFB-443F-8D3B-20C96C0BD7EE}.Debug|x86.ActiveCfg = Debug|Any CPU
		{495F1C38-9AFB-443F-8D3B-20C96C0BD7EE}.Debug|x86.Build.0 = Debug|Any CPU
		{495F1C38-9AFB-443F-8D3B-20C96C0BD7EE}.Release|Any CPU.ActiveCfg = Release|Any CPU
		{495F1C38-9AFB-443F-8D3B-20C96C0BD7EE}.Release|Any CPU.Build.0 = Release|Any CPU
		{495F1C38-9AFB-443F-8D3B-20C96C0BD7EE}.Release|x64.ActiveCfg = Release|Any CPU
		{495F1C38-9AFB-443F-8D3B-20C96C0BD7EE}.Release|x64.Build.0 = Release|Any CPU
		{495F1C38-9AFB-443F-8D3B-20C96C0BD7EE}.Release|x86.ActiveCfg = Release|Any CPU
		{495F1C38-9AFB-443F-8D3B-20C96C0BD7EE}.Release|x86.Build.0 = Release|Any CPU
		{8B1E8B1C-0CC5-4D74-9B0C-B38D493CC790}.Debug|Any CPU.ActiveCfg = Debug|Any CPU
		{8B1E8B1C-0CC5-4D74-9B0C-B38D493CC790}.Debug|Any CPU.Build.0 = Debug|Any CPU
		{8B1E8B1C-0CC5-4D74-9B0C-B38D493CC790}.Debug|x64.ActiveCfg = Debug|Any CPU
		{8B1E8B1C-0CC5-4D74-9B0C-B38D493CC790}.Debug|x64.Build.0 = Debug|Any CPU
		{8B1E8B1C-0CC5-4D74-9B0C-B38D493CC790}.Debug|x86.ActiveCfg = Debug|Any CPU
		{8B1E8B1C-0CC5-4D74-9B0C-B38D493CC790}.Debug|x86.Build.0 = Debug|Any CPU
		{8B1E8B1C-0CC5-4D74-9B0C-B38D493CC790}.Release|Any CPU.ActiveCfg = Release|Any CPU
		{8B1E8B1C-0CC5-4D74-9B0C-B38D493CC790}.Release|Any CPU.Build.0 = Release|Any CPU
		{8B1E8B1C-0CC5-4D74-9B0C-B38D493CC790}.Release|x64.ActiveCfg = Release|Any CPU
		{8B1E8B1C-0CC5-4D74-9B0C-B38D493CC790}.Release|x64.Build.0 = Release|Any CPU
		{8B1E8B1C-0CC5-4D74-9B0C-B38D493CC790}.Release|x86.ActiveCfg = Release|Any CPU
		{8B1E8B1C-0CC5-4D74-9B0C-B38D493CC790}.Release|x86.Build.0 = Release|Any CPU
	EndGlobalSection
	GlobalSection(SolutionProperties) = preSolution
		HideSolutionNode = FALSE
	EndGlobalSection
	GlobalSection(NestedProjects) = preSolution
		{667D3DA8-C8F7-4407-BEF9-BAE028F15778} = {1440FEE9-C530-4FF0-BE29-D44E0BAF828E}
		{47C58B47-0E20-48A0-9868-603D86C8921E} = {667D3DA8-C8F7-4407-BEF9-BAE028F15778}
		{495F1C38-9AFB-443F-8D3B-20C96C0BD7EE} = {667D3DA8-C8F7-4407-BEF9-BAE028F15778}
		{8B1E8B1C-0CC5-4D74-9B0C-B38D493CC790} = {667D3DA8-C8F7-4407-BEF9-BAE028F15778}
	EndGlobalSection
	GlobalSection(ExtensibilityGlobals) = postSolution
		SolutionGuid = {2506A1F2-24B3-4740-85BC-8E5AC219F72F}
	EndGlobalSection
EndGlobal
